// !$*UTF8*$!
{
	archiveVersion = 1;
	classes = {
	};
	objectVersion = 77;
	objects = {

/* Begin PBXBuildFile section */
		3ED8A51488DC21D37705A9FA /* DrachmaApp in Frameworks */ = {isa = PBXBuildFile; productRef = 6625AB296B05562E8383ED51 /* DrachmaApp */; };
		764F1BA15A45C1BD6B8087C4 /* DrachmaShellApp.swift in Sources */ = {isa = PBXBuildFile; fileRef = 34797D031A86C2BACE3D7BCE /* DrachmaShellApp.swift */; };
/* End PBXBuildFile section */

/* Begin PBXFileReference section */
		34797D031A86C2BACE3D7BCE /* DrachmaShellApp.swift */ = {isa = PBXFileReference; lastKnownFileType = sourcecode.swift; path = DrachmaShellApp.swift; sourceTree = "<group>"; };
		606C7BD6A41EDBF05C224D1C /* Drachma.app */ = {isa = PBXFileReference; includeInIndex = 0; lastKnownFileType = wrapper.application; path = Drachma.app; sourceTree = BUILT_PRODUCTS_DIR; };
		C652E99436D550C9002C1AE8 /* drachma */ = {isa = PBXFileReference; lastKnownFileType = folder; name = drachma; path = .; sourceTree = SOURCE_ROOT; };
/* End PBXFileReference section */

/* Begin PBXFrameworksBuildPhase section */
		007B0C65DDE77AD19EB408A7 /* Frameworks */ = {
			isa = PBXFrameworksBuildPhase;
			buildActionMask = 2147483647;
			files = (
				3ED8A51488DC21D37705A9FA /* DrachmaApp in Frameworks */,
			);
			runOnlyForDeploymentPostprocessing = 0;
		};
/* End PBXFrameworksBuildPhase section */

/* Begin PBXGroup section */
		8502D04D40921E0F8A762673 /* Products */ = {
			isa = PBXGroup;
			children = (
				606C7BD6A41EDBF05C224D1C /* Drachma.app */,
			);
			name = Products;
			sourceTree = "<group>";
		};
		9E2C0A2F19EB52F39D74B408 = {
			isa = PBXGroup;
			children = (
				ED306AA9B13E8901262EDDAB /* Packages */,
				E3134ADC3015CB2959787871 /* Shell */,
				8502D04D40921E0F8A762673 /* Products */,
			);
			sourceTree = "<group>";
		};
		E3134ADC3015CB2959787871 /* Shell */ = {
			isa = PBXGroup;
			children = (
				34797D031A86C2BACE3D7BCE /* DrachmaShellApp.swift */,
			);
			name = Shell;
			path = ios/Shell;
			sourceTree = "<group>";
		};
		ED306AA9B13E8901262EDDAB /* Packages */ = {
			isa = PBXGroup;
			children = (
				C652E99436D550C9002C1AE8 /* drachma */,
			);
			name = Packages;
			sourceTree = "<group>";
		};
/* End PBXGroup section */

/* Begin PBXNativeTarget section */
		05E9A275E61C80B696642AA4 /* Drachma */ = {
			isa = PBXNativeTarget;
			buildConfigurationList = B61DE227D9C8D9FD308C9DE7 /* Build configuration list for PBXNativeTarget "Drachma" */;
			buildPhases = (
				FCB6653A4417B4F16EC33EE5 /* Sources */,
				007B0C65DDE77AD19EB408A7 /* Frameworks */,
			);
			buildRules = (
			);
			dependencies = (
			);
			name = Drachma;
			packageProductDependencies = (
				6625AB296B05562E8383ED51 /* DrachmaApp */,
			);
			productName = Drachma;
			productReference = 606C7BD6A41EDBF05C224D1C /* Drachma.app */;
			productType = "com.apple.product-type.application";
		};
/* End PBXNativeTarget section */

/* Begin PBXProject section */
		40BDAD9C0E5F85940EE5B0E7 /* Project object */ = {
			isa = PBXProject;
			attributes = {
				BuildIndependentTargetsInParallel = YES;
				LastUpgradeCheck = 1430;
				TargetAttributes = {
				};
			};
			buildConfigurationList = 601D2D00981C27BE7185F386 /* Build configuration list for PBXProject "Drachma" */;
			developmentRegion = en;
			hasScannedForEncodings = 0;
			knownRegions = (
				Base,
				en,
			);
			mainGroup = 9E2C0A2F19EB52F39D74B408;
			minimizedProjectReferenceProxies = 1;
			packageReferences = (
				F4AC49FBC9FC476F878992DB /* XCLocalSwiftPackageReference "." */,
			);
			preferredProjectObjectVersion = 77;
			productRefGroup = 8502D04D40921E0F8A762673 /* Products */;
			projectDirPath = "";
			projectRoot = "";
			targets = (
				05E9A275E61C80B696642AA4 /* Drachma */,
			);
		};
/* End PBXProject section */

/* Begin PBXSourcesBuildPhase section */
		FCB6653A4417B4F16EC33EE5 /* Sources */ = {
			isa = PBXSourcesBuildPhase;
			buildActionMask = 2147483647;
			files = (
				764F1BA15A45C1BD6B8087C4 /* DrachmaShellApp.swift in Sources */,
			);
			runOnlyForDeploymentPostprocessing = 0;
		};
/* End PBXSourcesBuildPhase section */

/* Begin XCBuildConfiguration section */
		0602DD630538E434A4D82EFC /* Release */ = {
			isa = XCBuildConfiguration;
			buildSettings = {
				ALWAYS_SEARCH_USER_PATHS = NO;
				CLANG_ANALYZER_NONNULL = YES;
				CLANG_ANALYZER_NUMBER_OBJECT_CONVERSION = YES_AGGRESSIVE;
				CLANG_CXX_LANGUAGE_STANDARD = "gnu++14";
				CLANG_CXX_LIBRARY = "libc++";
				CLANG_ENABLE_MODULES = YES;
				CLANG_ENABLE_OBJC_ARC = YES;
				CLANG_ENABLE_OBJC_WEAK = YES;
				CLANG_WARN_BLOCK_CAPTURE_AUTORELEASING = YES;
				CLANG_WARN_BOOL_CONVERSION = YES;
				CLANG_WARN_COMMA = YES;
				CLANG_WARN_CONSTANT_CONVERSION = YES;
				CLANG_WARN_DEPRECATED_OBJC_IMPLEMENTATIONS = YES;
				CLANG_WARN_DIRECT_OBJC_ISA_USAGE = YES_ERROR;
				CLANG_WARN_DOCUMENTATION_COMMENTS = YES;
				CLANG_WARN_EMPTY_BODY = YES;
				CLANG_WARN_ENUM_CONVERSION = YES;
				CLANG_WARN_INFINITE_RECURSION = YES;
				CLANG_WARN_INT_CONVERSION = YES;
				CLANG_WARN_NON_LITERAL_NULL_CONVERSION = YES;
				CLANG_WARN_OBJC_IMPLICIT_RETAIN_SELF = YES;
				CLANG_WARN_OBJC_LITERAL_CONVERSION = YES;
				CLANG_WARN_OBJC_ROOT_CLASS = YES_ERROR;
				CLANG_WARN_QUOTED_INCLUDE_IN_FRAMEWORK_HEADER = YES;
				CLANG_WARN_RANGE_LOOP_ANALYSIS = YES;
				CLANG_WARN_STRICT_PROTOTYPES = YES;
				CLANG_WARN_SUSPICIOUS_MOVE = YES;
				CLANG_WARN_UNGUARDED_AVAILABILITY = YES_AGGRESSIVE;
				CLANG_WARN_UNREACHABLE_CODE = YES;
				CLANG_WARN__DUPLICATE_METHOD_MATCH = YES;
				COPY_PHASE_STRIP = NO;
				DEBUG_INFORMATION_FORMAT = "dwarf-with-dsym";
				ENABLE_NS_ASSERTIONS = NO;
				ENABLE_STRICT_OBJC_MSGSEND = YES;
				GCC_C_LANGUAGE_STANDARD = gnu11;
				GCC_NO_COMMON_BLOCKS = YES;
				GCC_WARN_64_TO_32_BIT_CONVERSION = YES;
				GCC_WARN_ABOUT_RETURN_TYPE = YES_ERROR;
				GCC_WARN_UNDECLARED_SELECTOR = YES;
				GCC_WARN_UNINITIALIZED_AUTOS = YES_AGGRESSIVE;
				GCC_WARN_UNUSED_FUNCTION = YES;
				GCC_WARN_UNUSED_VARIABLE = YES;
				IPHONEOS_DEPLOYMENT_TARGET = 17.0;
				MTL_ENABLE_DEBUG_INFO = NO;
				MTL_FAST_MATH = YES;
				PRODUCT_NAME = "$(TARGET_NAME)";
				SDKROOT = iphoneos;
				SWIFT_COMPILATION_MODE = wholemodule;
				SWIFT_OPTIMIZATION_LEVEL = "-O";
				SWIFT_VERSION = 5.0;
			};
			name = Release;
		};
		36FD6EA971119524BF825104 /* Debug */ = {
			isa = XCBuildConfiguration;
			buildSettings = {
				ALWAYS_SEARCH_USER_PATHS = NO;
				CLANG_ANALYZER_NONNULL = YES;
				CLANG_ANALYZER_NUMBER_OBJECT_CONVERSION = YES_AGGRESSIVE;
				CLANG_CXX_LANGUAGE_STANDARD = "gnu++14";
				CLANG_CXX_LIBRARY = "libc++";
				CLANG_ENABLE_MODULES = YES;
				CLANG_ENABLE_OBJC_ARC = YES;
				CLANG_ENABLE_OBJC_WEAK = YES;
				CLANG_WARN_BLOCK_CAPTURE_AUTORELEASING = YES;
				CLANG_WARN_BOOL_CONVERSION = YES;
				CLANG_WARN_COMMA = YES;
				CLANG_WARN_CONSTANT_CONVERSION = YES;
				CLANG_WARN_DEPRECATED_OBJC_IMPLEMENTATIONS = YES;
				CLANG_WARN_DIRECT_OBJC_ISA_USAGE = YES_ERROR;
				CLANG_WARN_DOCUMENTATION_COMMENTS = YES;
				CLANG_WARN_EMPTY_BODY = YES;
				CLANG_WARN_ENUM_CONVERSION = YES;
				CLANG_WARN_INFINITE_RECURSION = YES;
				CLANG_WARN_INT_CONVERSION = YES;
				CLANG_WARN_NON_LITERAL_NULL_CONVERSION = YES;
				CLANG_WARN_OBJC_IMPLICIT_RETAIN_SELF = YES;
				CLANG_WARN_OBJC_LITERAL_CONVERSION = YES;
				CLANG_WARN_OBJC_ROOT_CLASS = YES_ERROR;
				CLANG_WARN_QUOTED_INCLUDE_IN_FRAMEWORK_HEADER = YES;
				CLANG_WARN_RANGE_LOOP_ANALYSIS = YES;
				CLANG_WARN_STRICT_PROTOTYPES = YES;
				CLANG_WARN_SUSPICIOUS_MOVE = YES;
				CLANG_WARN_UNGUARDED_AVAILABILITY = YES_AGGRESSIVE;
				CLANG_WARN_UNREACHABLE_CODE = YES;
				CLANG_WARN__DUPLICATE_METHOD_MATCH = YES;
				COPY_PHASE_STRIP = NO;
				DEBUG_INFORMATION_FORMAT = dwarf;
				ENABLE_STRICT_OBJC_MSGSEND = YES;
				ENABLE_TESTABILITY = YES;
				GCC_C_LANGUAGE_STANDARD = gnu11;
				GCC_DYNAMIC_NO_PIC = NO;
				GCC_NO_COMMON_BLOCKS = YES;
				GCC_OPTIMIZATION_LEVEL = 0;
				GCC_PREPROCESSOR_DEFINITIONS = (
					"$(inherited)",
					"DEBUG=1",
				);
				GCC_WARN_64_TO_32_BIT_CONVERSION = YES;
				GCC_WARN_ABOUT_RETURN_TYPE = YES_ERROR;
				GCC_WARN_UNDECLARED_SELECTOR = YES;
				GCC_WARN_UNINITIALIZED_AUTOS = YES_AGGRESSIVE;
				GCC_WARN_UNUSED_FUNCTION = YES;
				GCC_WARN_UNUSED_VARIABLE = YES;
				IPHONEOS_DEPLOYMENT_TARGET = 17.0;
				MTL_ENABLE_DEBUG_INFO = INCLUDE_SOURCE;
				MTL_FAST_MATH = YES;
				ONLY_ACTIVE_ARCH = YES;
				PRODUCT_NAME = "$(TARGET_NAME)";
				SDKROOT = iphoneos;
				SWIFT_ACTIVE_COMPILATION_CONDITIONS = DEBUG;
				SWIFT_OPTIMIZATION_LEVEL = "-Onone";
				SWIFT_VERSION = 5.0;
			};
			name = Debug;
		};
		4F4FFA1521680E32CDAAB045 /* Debug */ = {
			isa = XCBuildConfiguration;
			buildSettings = {
				ASSETCATALOG_COMPILER_APPICON_NAME = AppIcon;
				CODE_SIGN_IDENTITY = "iPhone Developer";
				CURRENT_PROJECT_VERSION = 1;
				GENERATE_INFOPLIST_FILE = YES;
				INFOPLIST_KEY_UILaunchScreen_Generation = YES;
				LD_RUNPATH_SEARCH_PATHS = (
					"$(inherited)",
					"@executable_path/Frameworks",
				);
				MARKETING_VERSION = 0.1.0;
				PRODUCT_BUNDLE_IDENTIFIER = dev.sebkoo.drachma;
				SDKROOT = iphoneos;
				SWIFT_VERSION = 6.0;
				TARGETED_DEVICE_FAMILY = 1;
			};
			name = Debug;
		};
		6B20877D232F8BF0BFAE4806 /* Release */ = {
			isa = XCBuildConfiguration;
			buildSettings = {
				ASSETCATALOG_COMPILER_APPICON_NAME = AppIcon;
				CODE_SIGN_IDENTITY = "iPhone Developer";
				CURRENT_PROJECT_VERSION = 1;
				GENERATE_INFOPLIST_FILE = YES;
				INFOPLIST_KEY_UILaunchScreen_Generation = YES;
				LD_RUNPATH_SEARCH_PATHS = (
					"$(inherited)",
					"@executable_path/Frameworks",
				);
				MARKETING_VERSION = 0.1.0;
				PRODUCT_BUNDLE_IDENTIFIER = dev.sebkoo.drachma;
				SDKROOT = iphoneos;
				SWIFT_VERSION = 6.0;
				TARGETED_DEVICE_FAMILY = 1;
			};
			name = Release;
		};
/* End XCBuildConfiguration section */

/* Begin XCConfigurationList section */
		601D2D00981C27BE7185F386 /* Build configuration list for PBXProject "Drachma" */ = {
			isa = XCConfigurationList;
			buildConfigurations = (
				36FD6EA971119524BF825104 /* Debug */,
				0602DD630538E434A4D82EFC /* Release */,
			);
			defaultConfigurationIsVisible = 0;
			defaultConfigurationName = Debug;
		};
		B61DE227D9C8D9FD308C9DE7 /* Build configuration list for PBXNativeTarget "Drachma" */ = {
			isa = XCConfigurationList;
			buildConfigurations = (
				4F4FFA1521680E32CDAAB045 /* Debug */,
				6B20877D232F8BF0BFAE4806 /* Release */,
			);
			defaultConfigurationIsVisible = 0;
			defaultConfigurationName = Debug;
		};
/* End XCConfigurationList section */

/* Begin XCLocalSwiftPackageReference section */
		F4AC49FBC9FC476F878992DB /* XCLocalSwiftPackageReference "." */ = {
			isa = XCLocalSwiftPackageReference;
			relativePath = .;
		};
/* End XCLocalSwiftPackageReference section */

/* Begin XCSwiftPackageProductDependency section */
		6625AB296B05562E8383ED51 /* DrachmaApp */ = {
			isa = XCSwiftPackageProductDependency;
			productName = DrachmaApp;
		};
/* End XCSwiftPackageProductDependency section */
	};
	rootObject = 40BDAD9C0E5F85940EE5B0E7 /* Project object */;
}
